// !$*UTF8*$!
{
	archiveVersion = 1;
	classes = {
	};
	objectVersion = 50;
	objects = {

/* Begin PBXBuildFile section */
		FA11C208225D35E500F5507E /* DataModel.xcdatamodeld in Sources */ = {isa = PBXBuildFile; fileRef = FA11C1E4225D338500F5507E /* DataModel.xcdatamodeld */; };
		FAB08B53225296CF00AFCB3A /* AppDelegate.swift in Sources */ = {isa = PBXBuildFile; fileRef = FAB08B52225296CF00AFCB3A /* AppDelegate.swift */; };
		FAB08B55225296CF00AFCB3A /* TodoListViewController.swift in Sources */ = {isa = PBXBuildFile; fileRef = FAB08B54225296CF00AFCB3A /* TodoListViewController.swift */; };
		FAB08B58225296CF00AFCB3A /* Main.storyboard in Resources */ = {isa = PBXBuildFile; fileRef = FAB08B56225296CF00AFCB3A /* Main.storyboard */; };
		FAB08B5A225296D000AFCB3A /* Assets.xcassets in Resources */ = {isa = PBXBuildFile; fileRef = FAB08B59225296D000AFCB3A /* Assets.xcassets */; };
		FAB08B5D225296D000AFCB3A /* LaunchScreen.storyboard in Resources */ = {isa = PBXBuildFile; fileRef = FAB08B5B225296D000AFCB3A /* LaunchScreen.storyboard */; };
		FAD95F8B22776AB800165C70 /* CategoryViewController.swift in Sources */ = {isa = PBXBuildFile; fileRef = FAD95F8A22776AB800165C70 /* CategoryViewController.swift */; };
/* End PBXBuildFile section */

/* Begin PBXFileReference section */
		FA11C1E5225D338500F5507E /* DataModel.xcdatamodel */ = {isa = PBXFileReference; lastKnownFileType = wrapper.xcdatamodel; path = DataModel.xcdatamodel; sourceTree = "<group>"; };
		FAB08B4F225296CF00AFCB3A /* Todoey.app */ = {isa = PBXFileReference; explicitFileType = wrapper.application; includeInIndex = 0; path = Todoey.app; sourceTree = BUILT_PRODUCTS_DIR; };
		FAB08B52225296CF00AFCB3A /* AppDelegate.swift */ = {isa = PBXFileReference; lastKnownFileType = sourcecode.swift; path = AppDelegate.swift; sourceTree = "<group>"; };
		FAB08B54225296CF00AFCB3A /* TodoListViewController.swift */ = {isa = PBXFileReference; lastKnownFileType = sourcecode.swift; path = TodoListViewController.swift; sourceTree = "<group>"; };
		FAB08B57225296CF00AFCB3A /* Base */ = {isa = PBXFileReference; lastKnownFileType = file.storyboard; name = Base; path = Base.lproj/Main.storyboard; sourceTree = "<group>"; };
		FAB08B59225296D000AFCB3A /* Assets.xcassets */ = {isa = PBXFileReference; lastKnownFileType = folder.assetcatalog; path = Assets.xcassets; sourceTree = "<group>"; };
		FAB08B5C225296D000AFCB3A /* Base */ = {isa = PBXFileReference; lastKnownFileType = file.storyboard; name = Base; path = Base.lproj/LaunchScreen.storyboard; sourceTree = "<group>"; };
		FAB08B5E225296D000AFCB3A /* Info.plist */ = {isa = PBXFileReference; lastKnownFileType = text.plist.xml; path = Info.plist; sourceTree = "<group>"; };
		FAD95F8A22776AB800165C70 /* CategoryViewController.swift */ = {isa = PBXFileReference; lastKnownFileType = sourcecode.swift; path = CategoryViewController.swift; sourceTree = "<group>"; };
/* End PBXFileReference section */

/* Begin PBXFrameworksBuildPhase section */
		FAB08B4C225296CF00AFCB3A /* Frameworks */ = {
			isa = PBXFrameworksBuildPhase;
			buildActionMask = 2147483647;
			files = (
			);
			runOnlyForDeploymentPostprocessing = 0;
		};
/* End PBXFrameworksBuildPhase section */

/* Begin PBXGroup section */
		FAB08B46225296CF00AFCB3A = {
			isa = PBXGroup;
			children = (
				FAB08B51225296CF00AFCB3A /* Todoey */,
				FAB08B50225296CF00AFCB3A /* Products */,
			);
			sourceTree = "<group>";
		};
		FAB08B50225296CF00AFCB3A /* Products */ = {
			isa = PBXGroup;
			children = (
				FAB08B4F225296CF00AFCB3A /* Todoey.app */,
			);
			name = Products;
			sourceTree = "<group>";
		};
		FAB08B51225296CF00AFCB3A /* Todoey */ = {
			isa = PBXGroup;
			children = (
				FAB08B68225947AF00AFCB3A /* Model Data */,
				FAB08B662259478C00AFCB3A /* View */,
				FAB08B67225947A000AFCB3A /* Controller */,
				FAB08B69225947D600AFCB3A /* Supporting Files */,
				FAB08B5E225296D000AFCB3A /* Info.plist */,
			);
			path = Todoey;
			sourceTree = "<group>";
		};
		FAB08B662259478C00AFCB3A /* View */ = {
			isa = PBXGroup;
			children = (
				FAB08B56225296CF00AFCB3A /* Main.storyboard */,
				FAB08B5B225296D000AFCB3A /* LaunchScreen.storyboard */,
			);
			path = View;
			sourceTree = "<group>";
		};
		FAB08B67225947A000AFCB3A /* Controller */ = {
			isa = PBXGroup;
			children = (
				FAB08B52225296CF00AFCB3A /* AppDelegate.swift */,
				FAD95F8A22776AB800165C70 /* CategoryViewController.swift */,
				FAB08B54225296CF00AFCB3A /* TodoListViewController.swift */,
			);
			path = Controller;
			sourceTree = "<group>";
		};
		FAB08B68225947AF00AFCB3A /* Model Data */ = {
			isa = PBXGroup;
			children = (
				FA11C1E4225D338500F5507E /* DataModel.xcdatamodeld */,
			);
			path = "Model Data";
			sourceTree = "<group>";
		};
		FAB08B69225947D600AFCB3A /* Supporting Files */ = {
			isa = PBXGroup;
			children = (
				FAB08B59225296D000AFCB3A /* Assets.xcassets */,
			);
			path = "Supporting Files";
			sourceTree = "<group>";
		};
/* End PBXGroup section */

/* Begin PBXNativeTarget section */
		FAB08B4E225296CF00AFCB3A /* Todoey */ = {
			isa = PBXNativeTarget;
			buildConfigurationList = FAB08B61225296D000AFCB3A /* Build configuration list for PBXNativeTarget "Todoey" */;
			buildPhases = (
				FAB08B4B225296CF00AFCB3A /* Sources */,
				FAB08B4C225296CF00AFCB3A /* Frameworks */,
				FAB08B4D225296CF00AFCB3A /* Resources */,
			);
			buildRules = (
			);
			dependencies = (
			);
			name = Todoey;
			productName = Todoey;
			productReference = FAB08B4F225296CF00AFCB3A /* Todoey.app */;
			productType = "com.apple.product-type.application";
		};
/* End PBXNativeTarget section */

/* Begin PBXProject section */
		FAB08B47225296CF00AFCB3A /* Project object */ = {
			isa = PBXProject;
			attributes = {
				LastSwiftUpdateCheck = 1010;
				LastUpgradeCheck = 1010;
				ORGANIZATIONNAME = murad;
				TargetAttributes = {
					FAB08B4E225296CF00AFCB3A = {
						CreatedOnToolsVersion = 10.1;
					};
				};
			};
			buildConfigurationList = FAB08B4A225296CF00AFCB3A /* Build configuration list for PBXProject "Todoey" */;
			compatibilityVersion = "Xcode 9.3";
			developmentRegion = en;
			hasScannedForEncodings = 0;
			knownRegions = (
				en,
				Base,
			);
			mainGroup = FAB08B46225296CF00AFCB3A;
			productRefGroup = FAB08B50225296CF00AFCB3A /* Products */;
			projectDirPath = "";
			projectRoot = "";
			targets = (
				FAB08B4E225296CF00AFCB3A /* Todoey */,
			);
		};
/* End PBXProject section */

/* Begin PBXResourcesBuildPhase section */
		FAB08B4D225296CF00AFCB3A /* Resources */ = {
			isa = PBXResourcesBuildPhase;
			buildActionMask = 2147483647;
			files = (
				FAB08B5D225296D000AFCB3A /* LaunchScreen.storyboard in Resources */,
				FAB08B5A225296D000AFCB3A /* Assets.xcassets in Resources */,
				FAB08B58225296CF00AFCB3A /* Main.storyboard in Resources */,
			);
			runOnlyForDeploymentPostprocessing = 0;
		};
/* End PBXResourcesBuildPhase section */

/* Begin PBXSourcesBuildPhase section */
		FAB08B4B225296CF00AFCB3A /* Sources */ = {
			isa = PBXSourcesBuildPhase;
			buildActionMask = 2147483647;
			files = (
				FAD95F8B22776AB800165C70 /* CategoryViewController.swift in Sources */,
				FAB08B55225296CF00AFCB3A /* TodoListViewController.swift in Sources */,
				FA11C208225D35E500F5507E /* DataModel.xcdatamodeld in Sources */,
				FAB08B53225296CF00AFCB3A /* AppDelegate.swift in Sources */,
			);
			runOnlyForDeploymentPostprocessing = 0;
		};
/* End PBXSourcesBuildPhase section */

/* Begin PBXVariantGroup section */
		FAB08B56225296CF00AFCB3A /* Main.storyboard */ = {
			isa = PBXVariantGroup;
			children = (
				FAB08B57225296CF00AFCB3A /* Base */,
			);
			name = Main.storyboard;
			sourceTree = "<group>";
		};
		FAB08B5B225296D000AFCB3A /* LaunchScreen.storyboard */ = {
			isa = PBXVariantGroup;
			children = (
				FAB08B5C225296D000AFCB3A /* Base */,
			);
			name = LaunchScreen.storyboard;
			sourceTree = "<group>";
		};
/* End PBXVariantGroup section */

/* Begin XCBuildConfiguration section */
		FAB08B5F225296D000AFCB3A /* Debug */ = {
			isa = XCBuildConfiguration;
			buildSettings = {
				ALWAYS_SEARCH_USER_PATHS = NO;
				CLANG_ANALYZER_NONNULL = YES;
				CLANG_ANALYZER_NUMBER_OBJECT_CONVERSION = YES_AGGRESSIVE;
				CLANG_CXX_LANGUAGE_STANDARD = "gnu++14";
				CLANG_CXX_LIBRARY = "libc++";
				CLANG_ENABLE_MODULES = YES;
				CLANG_ENABLE_OBJC_ARC = YES;
				CLANG_ENABLE_OBJC_WEAK = YES;
				CLANG_WARN_BLOCK_CAPTURE_AUTORELEASING = YES;
				CLANG_WARN_BOOL_CONVERSION = YES;
				CLANG_WARN_COMMA = YES;
				CLANG_WARN_CONSTANT_CONVERSION = YES;
				CLANG_WARN_DEPRECATED_OBJC_IMPLEMENTATIONS = YES;
				CLANG_WARN_DIRECT_OBJC_ISA_USAGE = YES_ERROR;
				CLANG_WARN_DOCUMENTATION_COMMENTS = YES;
				CLANG_WARN_EMPTY_BODY = YES;
				CLANG_WARN_ENUM_CONVERSION = YES;
				CLANG_WARN_INFINITE_RECURSION = YES;
				CLANG_WARN_INT_CONVERSION = YES;
				CLANG_WARN_NON_LITERAL_NULL_CONVERSION = YES;
				CLANG_WARN_OBJC_IMPLICIT_RETAIN_SELF = YES;
				CLANG_WARN_OBJC_LITERAL_CONVERSION = YES;
				CLANG_WARN_OBJC_ROOT_CLASS = YES_ERROR;
				CLANG_WARN_RANGE_LOOP_ANALYSIS = YES;
				CLANG_WARN_STRICT_PROTOTYPES = YES;
				CLANG_WARN_SUSPICIOUS_MOVE = YES;
				CLANG_WARN_UNGUARDED_AVAILABILITY = YES_AGGRESSIVE;
				CLANG_WARN_UNREACHABLE_CODE = YES;
				CLANG_WARN__DUPLICATE_METHOD_MATCH = YES;
				CODE_SIGN_IDENTITY = "iPhone Developer";
				COPY_PHASE_STRIP = NO;
				DEBUG_INFORMATION_FORMAT = dwarf;
				ENABLE_STRICT_OBJC_MSGSEND = YES;
				ENABLE_TESTABILITY = YES;
				GCC_C_LANGUAGE_STANDARD = gnu11;
				GCC_DYNAMIC_NO_PIC = NO;
				GCC_NO_COMMON_BLOCKS = YES;
				GCC_OPTIMIZATION_LEVEL = 0;
				GCC_PREPROCESSOR_DEFINITIONS = (
					"DEBUG=1",
					"$(inherited)",
				);
				GCC_WARN_64_TO_32_BIT_CONVERSION = YES;
				GCC_WARN_ABOUT_RETURN_TYPE = YES_ERROR;
				GCC_WARN_UNDECLARED_SELECTOR = YES;
				GCC_WARN_UNINITIALIZED_AUTOS = YES_AGGRESSIVE;
				GCC_WARN_UNUSED_FUNCTION = YES;
				GCC_WARN_UNUSED_VARIABLE = YES;
				IPHONEOS_DEPLOYMENT_TARGET = 12.1;
				MTL_ENABLE_DEBUG_INFO = INCLUDE_SOURCE;
				MTL_FAST_MATH = YES;
				ONLY_ACTIVE_ARCH = YES;
				SDKROOT = iphoneos;
				SWIFT_ACTIVE_COMPILATION_CONDITIONS = DEBUG;
				SWIFT_OPTIMIZATION_LEVEL = "-Onone";
			};
			name = Debug;
		};
		FAB08B60225296D000AFCB3A /* Release */ = {
			isa = XCBuildConfiguration;
			buildSettings = {
				ALWAYS_SEARCH_USER_PATHS = NO;
				CLANG_ANALYZER_NONNULL = YES;
				CLANG_ANALYZER_NUMBER_OBJECT_CONVERSION = YES_AGGRESSIVE;
				CLANG_CXX_LANGUAGE_STANDARD = "gnu++14";
				CLANG_CXX_LIBRARY = "libc++";
				CLANG_ENABLE_MODULES = YES;
				CLANG_ENABLE_OBJC_ARC = YES;
				CLANG_ENABLE_OBJC_WEAK = YES;
				CLANG_WARN_BLOCK_CAPTURE_AUTORELEASING = YES;
				CLANG_WARN_BOOL_CONVERSION = YES;
				CLANG_WARN_COMMA = YES;
				CLANG_WARN_CONSTANT_CONVERSION = YES;
				CLANG_WARN_DEPRECATED_OBJC_IMPLEMENTATIONS = YES;
				CLANG_WARN_DIRECT_OBJC_ISA_USAGE = YES_ERROR;
				CLANG_WARN_DOCUMENTATION_COMMENTS = YES;
				CLANG_WARN_EMPTY_BODY = YES;
				CLANG_WARN_ENUM_CONVERSION = YES;
				CLANG_WARN_INFINITE_RECURSION = YES;
				CLANG_WARN_INT_CONVERSION = YES;
				CLANG_WARN_NON_LITERAL_NULL_CONVERSION = YES;
				CLANG_WARN_OBJC_IMPLICIT_RETAIN_SELF = YES;
				CLANG_WARN_OBJC_LITERAL_CONVERSION = YES;
				CLANG_WARN_OBJC_ROOT_CLASS = YES_ERROR;
				CLANG_WARN_RANGE_LOOP_ANALYSIS = YES;
				CLANG_WARN_STRICT_PROTOTYPES = YES;
				CLANG_WARN_SUSPICIOUS_MOVE = YES;
				CLANG_WARN_UNGUARDED_AVAILABILITY = YES_AGGRESSIVE;
				CLANG_WARN_UNREACHABLE_CODE = YES;
				CLANG_WARN__DUPLICATE_METHOD_MATCH = YES;
				CODE_SIGN_IDENTITY = "iPhone Developer";
				COPY_PHASE_STRIP = NO;
				DEBUG_INFORMATION_FORMAT = "dwarf-with-dsym";
				ENABLE_NS_ASSERTIONS = NO;
				ENABLE_STRICT_OBJC_MSGSEND = YES;
				GCC_C_LANGUAGE_STANDARD = gnu11;
				GCC_NO_COMMON_BLOCKS = YES;
				GCC_WARN_64_TO_32_BIT_CONVERSION = YES;
				GCC_WARN_ABOUT_RETURN_TYPE = YES_ERROR;
				GCC_WARN_UNDECLARED_SELECTOR = YES;
				GCC_WARN_UNINITIALIZED_AUTOS = YES_AGGRESSIVE;
				GCC_WARN_UNUSED_FUNCTION = YES;
				GCC_WARN_UNUSED_VARIABLE = YES;
				IPHONEOS_DEPLOYMENT_TARGET = 12.1;
				MTL_ENABLE_DEBUG_INFO = NO;
				MTL_FAST_MATH = YES;
				SDKROOT = iphoneos;
				SWIFT_COMPILATION_MODE = wholemodule;
				SWIFT_OPTIMIZATION_LEVEL = "-O";
				VALIDATE_PRODUCT = YES;
			};
			name = Release;
		};
		FAB08B62225296D000AFCB3A /* Debug */ = {
			isa = XCBuildConfiguration;
			buildSettings = {
				ASSETCATALOG_COMPILER_APPICON_NAME = AppIcon;
				CODE_SIGN_STYLE = Automatic;
				DEVELOPMENT_TEAM = Q6D3DZE2WM;
				INFOPLIST_FILE = Todoey/Info.plist;
				LD_RUNPATH_SEARCH_PATHS = (
					"$(inherited)",
					"@executable_path/Frameworks",
				);
				PRODUCT_BUNDLE_IDENTIFIER = com.murad.Todoey;
				PRODUCT_NAME = "$(TARGET_NAME)";
				SWIFT_VERSION = 4.2;
				TARGETED_DEVICE_FAMILY = "1,2";
			};
			name = Debug;
		};
		FAB08B63225296D000AFCB3A /* Release */ = {
			isa = XCBuildConfiguration;
			buildSettings = {
				ASSETCATALOG_COMPILER_APPICON_NAME = AppIcon;
				CODE_SIGN_STYLE = Automatic;
				DEVELOPMENT_TEAM = Q6D3DZE2WM;
				INFOPLIST_FILE = Todoey/Info.plist;
				LD_RUNPATH_SEARCH_PATHS = (
					"$(inherited)",
					"@executable_path/Frameworks",
				);
				PRODUCT_BUNDLE_IDENTIFIER = com.murad.Todoey;
				PRODUCT_NAME = "$(TARGET_NAME)";
				SWIFT_VERSION = 4.2;
				TARGETED_DEVICE_FAMILY = "1,2";
			};
			name = Release;
		};
/* End XCBuildConfiguration section */

/* Begin XCConfigurationList section */
		FAB08B4A225296CF00AFCB3A /* Build configuration list for PBXProject "Todoey" */ = {
			isa = XCConfigurationList;
			buildConfigurations = (
				FAB08B5F225296D000AFCB3A /* Debug */,
				FAB08B60225296D000AFCB3A /* Release */,
			);
			defaultConfigurationIsVisible = 0;
			defaultConfigurationName = Release;
		};
		FAB08B61225296D000AFCB3A /* Build configuration list for PBXNativeTarget "Todoey" */ = {
			isa = XCConfigurationList;
			buildConfigurations = (
				FAB08B62225296D000AFCB3A /* Debug */,
				FAB08B63225296D000AFCB3A /* Release */,
			);
			defaultConfigurationIsVisible = 0;
			defaultConfigurationName = Release;
		};
/* End XCConfigurationList section */

/* Begin XCVersionGroup section */
		FA11C1E4225D338500F5507E /* DataModel.xcdatamodeld */ = {
			isa = XCVersionGroup;
			children = (
				FA11C1E5225D338500F5507E /* DataModel.xcdatamodel */,
			);
			currentVersion = FA11C1E5225D338500F5507E /* DataModel.xcdatamodel */;
			path = DataModel.xcdatamodeld;
			sourceTree = "<group>";
			versionGroupType = wrapper.xcdatamodel;
		};
/* End XCVersionGroup section */
	};
	rootObject = FAB08B47225296CF00AFCB3A /* Project object */;
}
